{
  "name": "astra-protocol-y-parser",
  "version": "1.0.2",
  "lockfileVersion": 3,
  "requires": true,
  "packages": {
    "": {
      "name": "astra-protocol-y-parser",
      "version": "1.0.2",
      "dependencies": {
        "binutils64": "^0.1.2",
        "crc": "^4.3.2",
        "luhn": "^2.4.1",
        "moment": "^2.30.1",
        "moment-timezone": "^0.5.45"
      },
      "devDependencies": {
        "@types/node": "^20.17.0",
        "typescript": "^5.5.2"
      }
    },
    "node_modules/@types/node": {
      "version": "20.17.0",
      "resolved": "https://registry.npmjs.org/@types/node/-/node-20.17.0.tgz",
      "integrity": "sha512-a7zRo0f0eLo9K5X9Wp5cAqTUNGzuFLDG2R7C4HY2BhcMAsxgSPuRvAC1ZB6QkuUQXf0YZAgfOX2ZyrBa2n4nHQ==",
      "dev": true,
      "license": "MIT",
      "dependencies": {
        "undici-types": "~6.19.2"
      }
    },
    "node_modules/binutils64": {
      "version": "0.1.2",
      "resolved": "https://registry.npmjs.org/binutils64/-/binutils64-0.1.2.tgz",
      "integrity": "sha512-p+utq1Nk0/o41TQ2Oe8Pj8JzCEBeC0N3nwC8HUVdouUkFhqCiKcAwld39k8OZ8BZRqo3M9rQxP0CmSj39pH9xg==",
      "engines": {
        "node": ">=0.10"
      }
    },
    "node_modules/crc": {
      "version": "4.3.2",
      "resolved": "https://registry.npmjs.org/crc/-/crc-4.3.2.tgz",
      "integrity": "sha512-uGDHf4KLLh2zsHa8D8hIQ1H/HtFQhyHrc0uhHBcoKGol/Xnb+MPYfUMw7cvON6ze/GUESTudKayDcJC5HnJv1A==",
      "engines": {
        "node": ">=12"
      },
      "peerDependencies": {
        "buffer": ">=6.0.3"
      },
      "peerDependenciesMeta": {
        "buffer": {
          "optional": true
        }
      }
    },
    "node_modules/luhn": {
      "version": "2.4.1",
      "resolved": "https://registry.npmjs.org/luhn/-/luhn-2.4.1.tgz",
      "integrity": "sha512-p1eEWSb2RJAfv+BzrPEUqbUXV1H3ylHEAOk9yDM1L12ojD6OQQGrE29DqKLa0XYluJTIwXIOFmyzVOme3QSyww==",
      "engines": {
        "node": ">=10"
      }
    },
    "node_modules/moment": {
      "version": "2.30.1",
      "resolved": "https://registry.npmjs.org/moment/-/moment-2.30.1.tgz",
      "integrity": "sha512-uEmtNhbDOrWPFS+hdjFCBfy9f2YoyzRpwcl+DqpC6taX21FzsTLQVbMV/W7PzNSX6x/bhC1zA3c2UQ5NzH6how==",
      "engines": {
        "node": "*"
      }
    },
    "node_modules/moment-timezone": {
      "version": "0.5.45",
      "resolved": "https://registry.npmjs.org/moment-timezone/-/moment-timezone-0.5.45.tgz",
      "integrity": "sha512-HIWmqA86KcmCAhnMAN0wuDOARV/525R2+lOLotuGFzn4HO+FH+/645z2wx0Dt3iDv6/p61SIvKnDstISainhLQ==",
      "dependencies": {
        "moment": "^2.29.4"
      },
      "engines": {
        "node": "*"
      }
    },
    "node_modules/typescript": {
      "version": "5.5.2",
      "resolved": "https://registry.npmjs.org/typescript/-/typescript-5.5.2.tgz",
      "integrity": "sha512-NcRtPEOsPFFWjobJEtfihkLCZCXZt/os3zf8nTxjVH3RvTSxjrCamJpbExGvYOF+tFHc3pA65qpdwPbzjohhew==",
      "dev": true,
      "bin": {
        "tsc": "bin/tsc",
        "tsserver": "bin/tsserver"
      },
      "engines": {
        "node": ">=14.17"
      }
    },
    "node_modules/undici-types": {
      "version": "6.19.8",
      "resolved": "https://registry.npmjs.org/undici-types/-/undici-types-6.19.8.tgz",
      "integrity": "sha512-ve2KP6f/JnbPBFyobGHuerC9g1FYGn/F8n1LWTwNxCEzd6IfqTwUQcNXgEtmmQ6DlRrC1hrSrBnCZPokRrDHjw==",
      "dev": true,
      "license": "MIT"
    }
  }
}
